// !$*UTF8*$!
{
	archiveVersion = 1;
	classes = {
	};
	objectVersion = 55;
	objects = {

/* Begin PBXBuildFile section */
		18DF7F0F27D2D13A003B7582 /* GoogleService-Info.plist in Resources */ = {isa = PBXBuildFile; fileRef = 18DF7F0E27D2D13A003B7582 /* GoogleService-Info.plist */; };
		18DF7F1227D2D24D003B7582 /* FirebaseAnalytics in Frameworks */ = {isa = PBXBuildFile; productRef = 18DF7F1127D2D24D003B7582 /* FirebaseAnalytics */; };
		18DF7F1427D2D24D003B7582 /* FirebaseAuth in Frameworks */ = {isa = PBXBuildFile; productRef = 18DF7F1327D2D24D003B7582 /* FirebaseAuth */; };
		18DF7F1627D2D24D003B7582 /* FirebaseCrashlytics in Frameworks */ = {isa = PBXBuildFile; productRef = 18DF7F1527D2D24D003B7582 /* FirebaseCrashlytics */; };
		18DF7F1827D2D24D003B7582 /* FirebaseDatabase in Frameworks */ = {isa = PBXBuildFile; productRef = 18DF7F1727D2D24D003B7582 /* FirebaseDatabase */; };
		18DF7F1A27D2D24D003B7582 /* FirebaseFirestore in Frameworks */ = {isa = PBXBuildFile; productRef = 18DF7F1927D2D24D003B7582 /* FirebaseFirestore */; };
		18DF7F1C27D2D24D003B7582 /* FirebaseFunctions in Frameworks */ = {isa = PBXBuildFile; productRef = 18DF7F1B27D2D24D003B7582 /* FirebaseFunctions */; };
		18DF7F1E27D2D24D003B7582 /* FirebaseStorage in Frameworks */ = {isa = PBXBuildFile; productRef = 18DF7F1D27D2D24D003B7582 /* FirebaseStorage */; };
		2136C54C27D0296A00D89DF2 /* AppDelegate.swift in Sources */ = {isa = PBXBuildFile; fileRef = 2136C54B27D0296A00D89DF2 /* AppDelegate.swift */; };
		2136C54E27D0296A00D89DF2 /* SceneDelegate.swift in Sources */ = {isa = PBXBuildFile; fileRef = 2136C54D27D0296A00D89DF2 /* SceneDelegate.swift */; };
		2136C55327D0296A00D89DF2 /* Main.storyboard in Resources */ = {isa = PBXBuildFile; fileRef = 2136C55127D0296A00D89DF2 /* Main.storyboard */; };
		2136C55527D0296D00D89DF2 /* Assets.xcassets in Resources */ = {isa = PBXBuildFile; fileRef = 2136C55427D0296D00D89DF2 /* Assets.xcassets */; };
		2136C55827D0296D00D89DF2 /* LaunchScreen.storyboard in Resources */ = {isa = PBXBuildFile; fileRef = 2136C55627D0296D00D89DF2 /* LaunchScreen.storyboard */; };
		2193977B27D1A062002290FE /* CreateAccountViewController.swift in Sources */ = {isa = PBXBuildFile; fileRef = 2193977A27D1A062002290FE /* CreateAccountViewController.swift */; };
		2193977D27D1A07C002290FE /* LoginViewController.swift in Sources */ = {isa = PBXBuildFile; fileRef = 2193977C27D1A07C002290FE /* LoginViewController.swift */; };
		2193977F27D1A0F0002290FE /* ForgotPasswordViewController.swift in Sources */ = {isa = PBXBuildFile; fileRef = 2193977E27D1A0F0002290FE /* ForgotPasswordViewController.swift */; };
/* End PBXBuildFile section */

/* Begin PBXFileReference section */
		18DF7F0E27D2D13A003B7582 /* GoogleService-Info.plist */ = {isa = PBXFileReference; fileEncoding = 4; lastKnownFileType = text.plist.xml; path = "GoogleService-Info.plist"; sourceTree = "<group>"; };
		2136C54827D0296A00D89DF2 /* BipolarDiary.app */ = {isa = PBXFileReference; explicitFileType = wrapper.application; includeInIndex = 0; path = BipolarDiary.app; sourceTree = BUILT_PRODUCTS_DIR; };
		2136C54B27D0296A00D89DF2 /* AppDelegate.swift */ = {isa = PBXFileReference; lastKnownFileType = sourcecode.swift; path = AppDelegate.swift; sourceTree = "<group>"; };
		2136C54D27D0296A00D89DF2 /* SceneDelegate.swift */ = {isa = PBXFileReference; lastKnownFileType = sourcecode.swift; path = SceneDelegate.swift; sourceTree = "<group>"; };
		2136C55227D0296A00D89DF2 /* Base */ = {isa = PBXFileReference; lastKnownFileType = file.storyboard; name = Base; path = Base.lproj/Main.storyboard; sourceTree = "<group>"; };
		2136C55427D0296D00D89DF2 /* Assets.xcassets */ = {isa = PBXFileReference; lastKnownFileType = folder.assetcatalog; path = Assets.xcassets; sourceTree = "<group>"; };
		2136C55727D0296D00D89DF2 /* Base */ = {isa = PBXFileReference; lastKnownFileType = file.storyboard; name = Base; path = Base.lproj/LaunchScreen.storyboard; sourceTree = "<group>"; };
		2136C55927D0296D00D89DF2 /* Info.plist */ = {isa = PBXFileReference; lastKnownFileType = text.plist.xml; path = Info.plist; sourceTree = "<group>"; };
		2193977A27D1A062002290FE /* CreateAccountViewController.swift */ = {isa = PBXFileReference; lastKnownFileType = sourcecode.swift; path = CreateAccountViewController.swift; sourceTree = "<group>"; };
		2193977C27D1A07C002290FE /* LoginViewController.swift */ = {isa = PBXFileReference; fileEncoding = 4; lastKnownFileType = sourcecode.swift; path = LoginViewController.swift; sourceTree = "<group>"; };
		2193977E27D1A0F0002290FE /* ForgotPasswordViewController.swift */ = {isa = PBXFileReference; lastKnownFileType = sourcecode.swift; path = ForgotPasswordViewController.swift; sourceTree = "<group>"; };
/* End PBXFileReference section */

/* Begin PBXFrameworksBuildPhase section */
		2136C54527D0296A00D89DF2 /* Frameworks */ = {
			isa = PBXFrameworksBuildPhase;
			buildActionMask = 2147483647;
			files = (
				18DF7F1627D2D24D003B7582 /* FirebaseCrashlytics in Frameworks */,
				18DF7F1227D2D24D003B7582 /* FirebaseAnalytics in Frameworks */,
				18DF7F1827D2D24D003B7582 /* FirebaseDatabase in Frameworks */,
				18DF7F1C27D2D24D003B7582 /* FirebaseFunctions in Frameworks */,
				18DF7F1E27D2D24D003B7582 /* FirebaseStorage in Frameworks */,
				18DF7F1A27D2D24D003B7582 /* FirebaseFirestore in Frameworks */,
				18DF7F1427D2D24D003B7582 /* FirebaseAuth in Frameworks */,
			);
			runOnlyForDeploymentPostprocessing = 0;
		};
/* End PBXFrameworksBuildPhase section */

/* Begin PBXGroup section */
		2136C53F27D0296A00D89DF2 = {
			isa = PBXGroup;
			children = (
				2136C54A27D0296A00D89DF2 /* BipolarDiary */,
				2136C54927D0296A00D89DF2 /* Products */,
			);
			sourceTree = "<group>";
		};
		2136C54927D0296A00D89DF2 /* Products */ = {
			isa = PBXGroup;
			children = (
				2136C54827D0296A00D89DF2 /* BipolarDiary.app */,
			);
			name = Products;
			sourceTree = "<group>";
		};
		2136C54A27D0296A00D89DF2 /* BipolarDiary */ = {
			isa = PBXGroup;
			children = (
				2136C54B27D0296A00D89DF2 /* AppDelegate.swift */,
				2136C54D27D0296A00D89DF2 /* SceneDelegate.swift */,
				2193977C27D1A07C002290FE /* LoginViewController.swift */,
				2193977A27D1A062002290FE /* CreateAccountViewController.swift */,
				2193977E27D1A0F0002290FE /* ForgotPasswordViewController.swift */,
				2136C55127D0296A00D89DF2 /* Main.storyboard */,
				2136C55627D0296D00D89DF2 /* LaunchScreen.storyboard */,
				2136C55427D0296D00D89DF2 /* Assets.xcassets */,
				2136C55927D0296D00D89DF2 /* Info.plist */,
				18DF7F0E27D2D13A003B7582 /* GoogleService-Info.plist */,
			);
			path = BipolarDiary;
			sourceTree = "<group>";
		};
/* End PBXGroup section */

/* Begin PBXNativeTarget section */
		2136C54727D0296A00D89DF2 /* BipolarDiary */ = {
			isa = PBXNativeTarget;
			buildConfigurationList = 2136C55C27D0296D00D89DF2 /* Build configuration list for PBXNativeTarget "BipolarDiary" */;
			buildPhases = (
				2136C54427D0296A00D89DF2 /* Sources */,
				2136C54527D0296A00D89DF2 /* Frameworks */,
				2136C54627D0296A00D89DF2 /* Resources */,
			);
			buildRules = (
			);
			dependencies = (
			);
			name = BipolarDiary;
			packageProductDependencies = (
				18DF7F1127D2D24D003B7582 /* FirebaseAnalytics */,
				18DF7F1327D2D24D003B7582 /* FirebaseAuth */,
				18DF7F1527D2D24D003B7582 /* FirebaseCrashlytics */,
				18DF7F1727D2D24D003B7582 /* FirebaseDatabase */,
				18DF7F1927D2D24D003B7582 /* FirebaseFirestore */,
				18DF7F1B27D2D24D003B7582 /* FirebaseFunctions */,
				18DF7F1D27D2D24D003B7582 /* FirebaseStorage */,
			);
			productName = BipolarDiary;
			productReference = 2136C54827D0296A00D89DF2 /* BipolarDiary.app */;
			productType = "com.apple.product-type.application";
		};
/* End PBXNativeTarget section */

/* Begin PBXProject section */
		2136C54027D0296A00D89DF2 /* Project object */ = {
			isa = PBXProject;
			attributes = {
				BuildIndependentTargetsInParallel = 1;
				LastSwiftUpdateCheck = 1320;
				LastUpgradeCheck = 1320;
				TargetAttributes = {
					2136C54727D0296A00D89DF2 = {
						CreatedOnToolsVersion = 13.2.1;
					};
				};
			};
			buildConfigurationList = 2136C54327D0296A00D89DF2 /* Build configuration list for PBXProject "BipolarDiary" */;
			compatibilityVersion = "Xcode 13.0";
			developmentRegion = en;
			hasScannedForEncodings = 0;
			knownRegions = (
				en,
				Base,
			);
			mainGroup = 2136C53F27D0296A00D89DF2;
			packageReferences = (
				18DF7F1027D2D24D003B7582 /* XCRemoteSwiftPackageReference "firebase-ios-sdk" */,
			);
			productRefGroup = 2136C54927D0296A00D89DF2 /* Products */;
			projectDirPath = "";
			projectRoot = "";
			targets = (
				2136C54727D0296A00D89DF2 /* BipolarDiary */,
			);
		};
/* End PBXProject section */

/* Begin PBXResourcesBuildPhase section */
		2136C54627D0296A00D89DF2 /* Resources */ = {
			isa = PBXResourcesBuildPhase;
			buildActionMask = 2147483647;
			files = (
				2136C55827D0296D00D89DF2 /* LaunchScreen.storyboard in Resources */,
				18DF7F0F27D2D13A003B7582 /* GoogleService-Info.plist in Resources */,
				2136C55527D0296D00D89DF2 /* Assets.xcassets in Resources */,
				2136C55327D0296A00D89DF2 /* Main.storyboard in Resources */,
			);
			runOnlyForDeploymentPostprocessing = 0;
		};
/* End PBXResourcesBuildPhase section */

/* Begin PBXSourcesBuildPhase section */
		2136C54427D0296A00D89DF2 /* Sources */ = {
			isa = PBXSourcesBuildPhase;
			buildActionMask = 2147483647;
			files = (
				2193977D27D1A07C002290FE /* LoginViewController.swift in Sources */,
				2193977F27D1A0F0002290FE /* ForgotPasswordViewController.swift in Sources */,
				2193977B27D1A062002290FE /* CreateAccountViewController.swift in Sources */,
				2136C54C27D0296A00D89DF2 /* AppDelegate.swift in Sources */,
				2136C54E27D0296A00D89DF2 /* SceneDelegate.swift in Sources */,
			);
			runOnlyForDeploymentPostprocessing = 0;
		};
/* End PBXSourcesBuildPhase section */

/* Begin PBXVariantGroup section */
		2136C55127D0296A00D89DF2 /* Main.storyboard */ = {
			isa = PBXVariantGroup;
			children = (
				2136C55227D0296A00D89DF2 /* Base */,
			);
			name = Main.storyboard;
			sourceTree = "<group>";
		};
		2136C55627D0296D00D89DF2 /* LaunchScreen.storyboard */ = {
			isa = PBXVariantGroup;
			children = (
				2136C55727D0296D00D89DF2 /* Base */,
			);
			name = LaunchScreen.storyboard;
			sourceTree = "<group>";
		};
/* End PBXVariantGroup section */

/* Begin XCBuildConfiguration section */
		2136C55A27D0296D00D89DF2 /* Debug */ = {
			isa = XCBuildConfiguration;
			buildSettings = {
				ALWAYS_SEARCH_USER_PATHS = NO;
				CLANG_ANALYZER_NONNULL = YES;
				CLANG_ANALYZER_NUMBER_OBJECT_CONVERSION = YES_AGGRESSIVE;
				CLANG_CXX_LANGUAGE_STANDARD = "gnu++17";
				CLANG_CXX_LIBRARY = "libc++";
				CLANG_ENABLE_MODULES = YES;
				CLANG_ENABLE_OBJC_ARC = YES;
				CLANG_ENABLE_OBJC_WEAK = YES;
				CLANG_WARN_BLOCK_CAPTURE_AUTORELEASING = YES;
				CLANG_WARN_BOOL_CONVERSION = YES;
				CLANG_WARN_COMMA = YES;
				CLANG_WARN_CONSTANT_CONVERSION = YES;
				CLANG_WARN_DEPRECATED_OBJC_IMPLEMENTATIONS = YES;
				CLANG_WARN_DIRECT_OBJC_ISA_USAGE = YES_ERROR;
				CLANG_WARN_DOCUMENTATION_COMMENTS = YES;
				CLANG_WARN_EMPTY_BODY = YES;
				CLANG_WARN_ENUM_CONVERSION = YES;
				CLANG_WARN_INFINITE_RECURSION = YES;
				CLANG_WARN_INT_CONVERSION = YES;
				CLANG_WARN_NON_LITERAL_NULL_CONVERSION = YES;
				CLANG_WARN_OBJC_IMPLICIT_RETAIN_SELF = YES;
				CLANG_WARN_OBJC_LITERAL_CONVERSION = YES;
				CLANG_WARN_OBJC_ROOT_CLASS = YES_ERROR;
				CLANG_WARN_QUOTED_INCLUDE_IN_FRAMEWORK_HEADER = YES;
				CLANG_WARN_RANGE_LOOP_ANALYSIS = YES;
				CLANG_WARN_STRICT_PROTOTYPES = YES;
				CLANG_WARN_SUSPICIOUS_MOVE = YES;
				CLANG_WARN_UNGUARDED_AVAILABILITY = YES_AGGRESSIVE;
				CLANG_WARN_UNREACHABLE_CODE = YES;
				CLANG_WARN__DUPLICATE_METHOD_MATCH = YES;
				COPY_PHASE_STRIP = NO;
				DEBUG_INFORMATION_FORMAT = dwarf;
				ENABLE_STRICT_OBJC_MSGSEND = YES;
				ENABLE_TESTABILITY = YES;
				GCC_C_LANGUAGE_STANDARD = gnu11;
				GCC_DYNAMIC_NO_PIC = NO;
				GCC_NO_COMMON_BLOCKS = YES;
				GCC_OPTIMIZATION_LEVEL = 0;
				GCC_PREPROCESSOR_DEFINITIONS = (
					"DEBUG=1",
					"$(inherited)",
				);
				GCC_WARN_64_TO_32_BIT_CONVERSION = YES;
				GCC_WARN_ABOUT_RETURN_TYPE = YES_ERROR;
				GCC_WARN_UNDECLARED_SELECTOR = YES;
				GCC_WARN_UNINITIALIZED_AUTOS = YES_AGGRESSIVE;
				GCC_WARN_UNUSED_FUNCTION = YES;
				GCC_WARN_UNUSED_VARIABLE = YES;
				IPHONEOS_DEPLOYMENT_TARGET = 15.2;
				MTL_ENABLE_DEBUG_INFO = INCLUDE_SOURCE;
				MTL_FAST_MATH = YES;
				ONLY_ACTIVE_ARCH = YES;
				SDKROOT = iphoneos;
				SWIFT_ACTIVE_COMPILATION_CONDITIONS = DEBUG;
				SWIFT_OPTIMIZATION_LEVEL = "-Onone";
			};
			name = Debug;
		};
		2136C55B27D0296D00D89DF2 /* Release */ = {
			isa = XCBuildConfiguration;
			buildSettings = {
				ALWAYS_SEARCH_USER_PATHS = NO;
				CLANG_ANALYZER_NONNULL = YES;
				CLANG_ANALYZER_NUMBER_OBJECT_CONVERSION = YES_AGGRESSIVE;
				CLANG_CXX_LANGUAGE_STANDARD = "gnu++17";
				CLANG_CXX_LIBRARY = "libc++";
				CLANG_ENABLE_MODULES = YES;
				CLANG_ENABLE_OBJC_ARC = YES;
				CLANG_ENABLE_OBJC_WEAK = YES;
				CLANG_WARN_BLOCK_CAPTURE_AUTORELEASING = YES;
				CLANG_WARN_BOOL_CONVERSION = YES;
				CLANG_WARN_COMMA = YES;
				CLANG_WARN_CONSTANT_CONVERSION = YES;
				CLANG_WARN_DEPRECATED_OBJC_IMPLEMENTATIONS = YES;
				CLANG_WARN_DIRECT_OBJC_ISA_USAGE = YES_ERROR;
				CLANG_WARN_DOCUMENTATION_COMMENTS = YES;
				CLANG_WARN_EMPTY_BODY = YES;
				CLANG_WARN_ENUM_CONVERSION = YES;
				CLANG_WARN_INFINITE_RECURSION = YES;
				CLANG_WARN_INT_CONVERSION = YES;
				CLANG_WARN_NON_LITERAL_NULL_CONVERSION = YES;
				CLANG_WARN_OBJC_IMPLICIT_RETAIN_SELF = YES;
				CLANG_WARN_OBJC_LITERAL_CONVERSION = YES;
				CLANG_WARN_OBJC_ROOT_CLASS = YES_ERROR;
				CLANG_WARN_QUOTED_INCLUDE_IN_FRAMEWORK_HEADER = YES;
				CLANG_WARN_RANGE_LOOP_ANALYSIS = YES;
				CLANG_WARN_STRICT_PROTOTYPES = YES;
				CLANG_WARN_SUSPICIOUS_MOVE = YES;
				CLANG_WARN_UNGUARDED_AVAILABILITY = YES_AGGRESSIVE;
				CLANG_WARN_UNREACHABLE_CODE = YES;
				CLANG_WARN__DUPLICATE_METHOD_MATCH = YES;
				COPY_PHASE_STRIP = NO;
				DEBUG_INFORMATION_FORMAT = "dwarf-with-dsym";
				ENABLE_NS_ASSERTIONS = NO;
				ENABLE_STRICT_OBJC_MSGSEND = YES;
				GCC_C_LANGUAGE_STANDARD = gnu11;
				GCC_NO_COMMON_BLOCKS = YES;
				GCC_WARN_64_TO_32_BIT_CONVERSION = YES;
				GCC_WARN_ABOUT_RETURN_TYPE = YES_ERROR;
				GCC_WARN_UNDECLARED_SELECTOR = YES;
				GCC_WARN_UNINITIALIZED_AUTOS = YES_AGGRESSIVE;
				GCC_WARN_UNUSED_FUNCTION = YES;
				GCC_WARN_UNUSED_VARIABLE = YES;
				IPHONEOS_DEPLOYMENT_TARGET = 15.2;
				MTL_ENABLE_DEBUG_INFO = NO;
				MTL_FAST_MATH = YES;
				SDKROOT = iphoneos;
				SWIFT_COMPILATION_MODE = wholemodule;
				SWIFT_OPTIMIZATION_LEVEL = "-O";
				VALIDATE_PRODUCT = YES;
			};
			name = Release;
		};
		2136C55D27D0296D00D89DF2 /* Debug */ = {
			isa = XCBuildConfiguration;
			buildSettings = {
				ASSETCATALOG_COMPILER_APPICON_NAME = AppIcon;
				ASSETCATALOG_COMPILER_GLOBAL_ACCENT_COLOR_NAME = AccentColor;
				CODE_SIGN_STYLE = Automatic;
				CURRENT_PROJECT_VERSION = 1;
				GENERATE_INFOPLIST_FILE = YES;
				INFOPLIST_FILE = BipolarDiary/Info.plist;
				INFOPLIST_KEY_UIApplicationSupportsIndirectInputEvents = YES;
				INFOPLIST_KEY_UILaunchStoryboardName = LaunchScreen;
				INFOPLIST_KEY_UIMainStoryboardFile = Main;
				INFOPLIST_KEY_UISupportedInterfaceOrientations = UIInterfaceOrientationPortrait;
				INFOPLIST_KEY_UISupportedInterfaceOrientations_iPad = "UIInterfaceOrientationPortrait UIInterfaceOrientationPortraitUpsideDown UIInterfaceOrientationLandscapeLeft UIInterfaceOrientationLandscapeRight";
				INFOPLIST_KEY_UISupportedInterfaceOrientations_iPhone = "UIInterfaceOrientationPortrait UIInterfaceOrientationLandscapeLeft UIInterfaceOrientationLandscapeRight";
				LD_RUNPATH_SEARCH_PATHS = (
					"$(inherited)",
					"@executable_path/Frameworks",
				);
				MARKETING_VERSION = 1.0;
				PRODUCT_BUNDLE_IDENTIFIER = Marielly.BipolarDiary;
				PRODUCT_NAME = "$(TARGET_NAME)";
				SWIFT_EMIT_LOC_STRINGS = YES;
				SWIFT_VERSION = 5.0;
				TARGETED_DEVICE_FAMILY = 1;
			};
			name = Debug;
		};
		2136C55E27D0296D00D89DF2 /* Release */ = {
			isa = XCBuildConfiguration;
			buildSettings = {
				ASSETCATALOG_COMPILER_APPICON_NAME = AppIcon;
				ASSETCATALOG_COMPILER_GLOBAL_ACCENT_COLOR_NAME = AccentColor;
				CODE_SIGN_STYLE = Automatic;
				CURRENT_PROJECT_VERSION = 1;
				GENERATE_INFOPLIST_FILE = YES;
				INFOPLIST_FILE = BipolarDiary/Info.plist;
				INFOPLIST_KEY_UIApplicationSupportsIndirectInputEvents = YES;
				INFOPLIST_KEY_UILaunchStoryboardName = LaunchScreen;
				INFOPLIST_KEY_UIMainStoryboardFile = Main;
				INFOPLIST_KEY_UISupportedInterfaceOrientations = UIInterfaceOrientationPortrait;
				INFOPLIST_KEY_UISupportedInterfaceOrientations_iPad = "UIInterfaceOrientationPortrait UIInterfaceOrientationPortraitUpsideDown UIInterfaceOrientationLandscapeLeft UIInterfaceOrientationLandscapeRight";
				INFOPLIST_KEY_UISupportedInterfaceOrientations_iPhone = "UIInterfaceOrientationPortrait UIInterfaceOrientationLandscapeLeft UIInterfaceOrientationLandscapeRight";
				LD_RUNPATH_SEARCH_PATHS = (
					"$(inherited)",
					"@executable_path/Frameworks",
				);
				MARKETING_VERSION = 1.0;
				PRODUCT_BUNDLE_IDENTIFIER = Marielly.BipolarDiary;
				PRODUCT_NAME = "$(TARGET_NAME)";
				SWIFT_EMIT_LOC_STRINGS = YES;
				SWIFT_VERSION = 5.0;
				TARGETED_DEVICE_FAMILY = 1;
			};
			name = Release;
		};
/* End XCBuildConfiguration section */

/* Begin XCConfigurationList section */
		2136C54327D0296A00D89DF2 /* Build configuration list for PBXProject "BipolarDiary" */ = {
			isa = XCConfigurationList;
			buildConfigurations = (
				2136C55A27D0296D00D89DF2 /* Debug */,
				2136C55B27D0296D00D89DF2 /* Release */,
			);
			defaultConfigurationIsVisible = 0;
			defaultConfigurationName = Release;
		};
		2136C55C27D0296D00D89DF2 /* Build configuration list for PBXNativeTarget "BipolarDiary" */ = {
			isa = XCConfigurationList;
			buildConfigurations = (
				2136C55D27D0296D00D89DF2 /* Debug */,
				2136C55E27D0296D00D89DF2 /* Release */,
			);
			defaultConfigurationIsVisible = 0;
			defaultConfigurationName = Release;
		};
/* End XCConfigurationList section */

/* Begin XCRemoteSwiftPackageReference section */
		18DF7F1027D2D24D003B7582 /* XCRemoteSwiftPackageReference "firebase-ios-sdk" */ = {
			isa = XCRemoteSwiftPackageReference;
			repositoryURL = "https://github.com/firebase/firebase-ios-sdk";
			requirement = {
				kind = upToNextMajorVersion;
				minimumVersion = 8.0.0;
			};
		};
/* End XCRemoteSwiftPackageReference section */

/* Begin XCSwiftPackageProductDependency section */
		18DF7F1127D2D24D003B7582 /* FirebaseAnalytics */ = {
			isa = XCSwiftPackageProductDependency;
			package = 18DF7F1027D2D24D003B7582 /* XCRemoteSwiftPackageReference "firebase-ios-sdk" */;
			productName = FirebaseAnalytics;
		};
		18DF7F1327D2D24D003B7582 /* FirebaseAuth */ = {
			isa = XCSwiftPackageProductDependency;
			package = 18DF7F1027D2D24D003B7582 /* XCRemoteSwiftPackageReference "firebase-ios-sdk" */;
			productName = FirebaseAuth;
		};
		18DF7F1527D2D24D003B7582 /* FirebaseCrashlytics */ = {
			isa = XCSwiftPackageProductDependency;
			package = 18DF7F1027D2D24D003B7582 /* XCRemoteSwiftPackageReference "firebase-ios-sdk" */;
			productName = FirebaseCrashlytics;
		};
		18DF7F1727D2D24D003B7582 /* FirebaseDatabase */ = {
			isa = XCSwiftPackageProductDependency;
			package = 18DF7F1027D2D24D003B7582 /* XCRemoteSwiftPackageReference "firebase-ios-sdk" */;
			productName = FirebaseDatabase;
		};
		18DF7F1927D2D24D003B7582 /* FirebaseFirestore */ = {
			isa = XCSwiftPackageProductDependency;
			package = 18DF7F1027D2D24D003B7582 /* XCRemoteSwiftPackageReference "firebase-ios-sdk" */;
			productName = FirebaseFirestore;
		};
		18DF7F1B27D2D24D003B7582 /* FirebaseFunctions */ = {
			isa = XCSwiftPackageProductDependency;
			package = 18DF7F1027D2D24D003B7582 /* XCRemoteSwiftPackageReference "firebase-ios-sdk" */;
			productName = FirebaseFunctions;
		};
		18DF7F1D27D2D24D003B7582 /* FirebaseStorage */ = {
			isa = XCSwiftPackageProductDependency;
			package = 18DF7F1027D2D24D003B7582 /* XCRemoteSwiftPackageReference "firebase-ios-sdk" */;
			productName = FirebaseStorage;
		};
/* End XCSwiftPackageProductDependency section */
	};
	rootObject = 2136C54027D0296A00D89DF2 /* Project object */;
}
